
Microsoft Visual Studio Solution File, Format Version 12.00
# Visual Studio Version 17
VisualStudioVersion = 17.7.34018.315
MinimumVisualStudioVersion = 10.0.40219.1
Project("{9A19103F-16F7-4668-BE54-9A1E7A4F7556}") = "Oblig1", "Oblig1\Oblig1.csproj", "{0032B972-849C-4A96-BE82-B9A3B7FEAFC4}"
EndProject
Project("{2150E333-8FDC-42A3-9474-1A3956D46DE8}") = "Solution Items", "Solution Items", "{D1F100A8-CB90-4C4A-808F-2672CFF114BC}"
	ProjectSection(SolutionItems) = preProject
		Oblig1\wkhtmltox.lib = Oblig1\wkhtmltox.lib
	EndProjectSection
EndProject
Global
	GlobalSection(SolutionConfigurationPlatforms) = preSolution
		Debug|Any CPU = Debug|Any CPU
		Release|Any CPU = Release|Any CPU
	EndGlobalSection
	GlobalSection(ProjectConfigurationPlatforms) = postSolution
		{0032B972-849C-4A96-BE82-B9A3B7FEAFC4}.Debug|Any CPU.ActiveCfg = Debug|Any CPU
		{0032B972-849C-4A96-BE82-B9A3B7FEAFC4}.Debug|Any CPU.Build.0 = Debug|Any CPU
		{0032B972-849C-4A96-BE82-B9A3B7FEAFC4}.Release|Any CPU.ActiveCfg = Release|Any CPU
		{0032B972-849C-4A96-BE82-B9A3B7FEAFC4}.Release|Any CPU.Build.0 = Release|Any CPU
	EndGlobalSection
	GlobalSection(SolutionProperties) = preSolution
		HideSolutionNode = FALSE
	EndGlobalSection
	GlobalSection(ExtensibilityGlobals) = postSolution
		SolutionGuid = {0D2ACDCA-2D8C-4D6F-9427-2E121892FDBF}
	EndGlobalSection
EndGlobal
